
Microsoft Visual Studio Solution File, Format Version 12.00
# Visual Studio 15
VisualStudioVersion = 15.0.26730.8
MinimumVisualStudioVersion = 10.0.40219.1
Project("{FAE04EC0-301F-11D3-BF4B-00C04F79EFBC}") = "ConsoleACR122U_1", "ConsoleACR122U_1\ConsoleACR122U_1.csproj", "{FDAAC05A-8396-46B3-8227-6D05CD6A655F}"
EndProject
Project("{FAE04EC0-301F-11D3-BF4B-00C04F79EFBC}") = "ConsoleACR122U_2", "ConsoleACR122U_2\ConsoleACR122U_2.csproj", "{4FE7D843-BCB0-45F7-B377-AD3BD9037F55}"
EndProject
Project("{FAE04EC0-301F-11D3-BF4B-00C04F79EFBC}") = "Biblioteka_ACR122U", "Biblioteka_ACR122U\Biblioteka_ACR122U.csproj", "{1ABA1474-81A0-4BA3-866A-1C255E8AC9E9}"
EndProject
Project("{FAE04EC0-301F-11D3-BF4B-00C04F79EFBC}") = "ACR122U_Helper_Library", "ACR122U_Helper_Library\ACR122U_Helper_Library.csproj", "{A5644E2A-C620-4047-A213-F617D8045743}"
EndProject
Project("{FAE04EC0-301F-11D3-BF4B-00C04F79EFBC}") = "MifareCardReaderLibrary", "MifareCardReaderLibrary\MifareCardReaderLibrary.csproj", "{E87E89E1-4D73-492F-AA3C-5660EB2D86B8}"
EndProject
Project("{FAE04EC0-301F-11D3-BF4B-00C04F79EFBC}") = "MifareCardReaderConsole", "MifareCardReaderConsole\MifareCardReaderConsole.csproj", "{0949B31E-99E7-40DF-A081-8245E5E13863}"
EndProject
Global
	GlobalSection(SolutionConfigurationPlatforms) = preSolution
		Debug|Any CPU = Debug|Any CPU
		Release|Any CPU = Release|Any CPU
	EndGlobalSection
	GlobalSection(ProjectConfigurationPlatforms) = postSolution
		{FDAAC05A-8396-46B3-8227-6D05CD6A655F}.Debug|Any CPU.ActiveCfg = Debug|Any CPU
		{FDAAC05A-8396-46B3-8227-6D05CD6A655F}.Debug|Any CPU.Build.0 = Debug|Any CPU
		{FDAAC05A-8396-46B3-8227-6D05CD6A655F}.Release|Any CPU.ActiveCfg = Release|Any CPU
		{FDAAC05A-8396-46B3-8227-6D05CD6A655F}.Release|Any CPU.Build.0 = Release|Any CPU
		{4FE7D843-BCB0-45F7-B377-AD3BD9037F55}.Debug|Any CPU.ActiveCfg = Debug|Any CPU
		{4FE7D843-BCB0-45F7-B377-AD3BD9037F55}.Debug|Any CPU.Build.0 = Debug|Any CPU
		{4FE7D843-BCB0-45F7-B377-AD3BD9037F55}.Release|Any CPU.ActiveCfg = Release|Any CPU
		{4FE7D843-BCB0-45F7-B377-AD3BD9037F55}.Release|Any CPU.Build.0 = Release|Any CPU
		{1ABA1474-81A0-4BA3-866A-1C255E8AC9E9}.Debug|Any CPU.ActiveCfg = Debug|Any CPU
		{1ABA1474-81A0-4BA3-866A-1C255E8AC9E9}.Debug|Any CPU.Build.0 = Debug|Any CPU
		{1ABA1474-81A0-4BA3-866A-1C255E8AC9E9}.Release|Any CPU.ActiveCfg = Release|Any CPU
		{1ABA1474-81A0-4BA3-866A-1C255E8AC9E9}.Release|Any CPU.Build.0 = Release|Any CPU
		{A5644E2A-C620-4047-A213-F617D8045743}.Debug|Any CPU.ActiveCfg = Debug|Any CPU
		{A5644E2A-C620-4047-A213-F617D8045743}.Debug|Any CPU.Build.0 = Debug|Any CPU
		{A5644E2A-C620-4047-A213-F617D8045743}.Release|Any CPU.ActiveCfg = Release|Any CPU
		{A5644E2A-C620-4047-A213-F617D8045743}.Release|Any CPU.Build.0 = Release|Any CPU
		{E87E89E1-4D73-492F-AA3C-5660EB2D86B8}.Debug|Any CPU.ActiveCfg = Debug|Any CPU
		{E87E89E1-4D73-492F-AA3C-5660EB2D86B8}.Debug|Any CPU.Build.0 = Debug|Any CPU
		{E87E89E1-4D73-492F-AA3C-5660EB2D86B8}.Release|Any CPU.ActiveCfg = Release|Any CPU
		{E87E89E1-4D73-492F-AA3C-5660EB2D86B8}.Release|Any CPU.Build.0 = Release|Any CPU
		{0949B31E-99E7-40DF-A081-8245E5E13863}.Debug|Any CPU.ActiveCfg = Debug|Any CPU
		{0949B31E-99E7-40DF-A081-8245E5E13863}.Debug|Any CPU.Build.0 = Debug|Any CPU
		{0949B31E-99E7-40DF-A081-8245E5E13863}.Release|Any CPU.ActiveCfg = Release|Any CPU
		{0949B31E-99E7-40DF-A081-8245E5E13863}.Release|Any CPU.Build.0 = Release|Any CPU
	EndGlobalSection
	GlobalSection(SolutionProperties) = preSolution
		HideSolutionNode = FALSE
	EndGlobalSection
	GlobalSection(ExtensibilityGlobals) = postSolution
		SolutionGuid = {D58BDB08-BD69-4D33-AD23-5BAABD6AC9AB}
	EndGlobalSection
EndGlobal
